
Microsoft Visual Studio Solution File, Format Version 12.00
# Visual Studio Version 17
VisualStudioVersion = 17.7.34031.279
MinimumVisualStudioVersion = 10.0.40219.1
Project("{9A19103F-16F7-4668-BE54-9A1E7A4F7556}") = "ClientApp", "ClientApp\ClientApp.csproj", "{F649CE04-B05A-40F5-8E25-AFDB404846BA}"
EndProject
Project("{9A19103F-16F7-4668-BE54-9A1E7A4F7556}") = "ClientCore", "ClientCore\ClientCore.csproj", "{BFC048B8-2CCF-4D35-88F2-EBDF25EC4BCD}"
EndProject
Project("{9A19103F-16F7-4668-BE54-9A1E7A4F7556}") = "ClientConsole", "ClientConsole\ClientConsole.csproj", "{1889B2E3-117C-4252-B43A-2F765C556895}"
EndProject
Project("{2150E333-8FDC-42A3-9474-1A3956D46DE8}") = "Консоли", "Консоли", "{75DB85F8-217E-47D8-953E-45D2F6AAB806}"
EndProject
Project("{2150E333-8FDC-42A3-9474-1A3956D46DE8}") = "Библиотеки", "Библиотеки", "{A26C7DC5-E3FF-4BD3-97AA-43D6AD0BA1F6}"
EndProject
Project("{2150E333-8FDC-42A3-9474-1A3956D46DE8}") = "Приложения", "Приложения", "{24924F6E-5FBF-4D63-BE8B-308C96F162CA}"
EndProject
Global
	GlobalSection(SolutionConfigurationPlatforms) = preSolution
		Debug|Any CPU = Debug|Any CPU
		Release|Any CPU = Release|Any CPU
	EndGlobalSection
	GlobalSection(ProjectConfigurationPlatforms) = postSolution
		{F649CE04-B05A-40F5-8E25-AFDB404846BA}.Debug|Any CPU.ActiveCfg = Debug|Any CPU
		{F649CE04-B05A-40F5-8E25-AFDB404846BA}.Debug|Any CPU.Build.0 = Debug|Any CPU
		{F649CE04-B05A-40F5-8E25-AFDB404846BA}.Release|Any CPU.ActiveCfg = Release|Any CPU
		{F649CE04-B05A-40F5-8E25-AFDB404846BA}.Release|Any CPU.Build.0 = Release|Any CPU
		{BFC048B8-2CCF-4D35-88F2-EBDF25EC4BCD}.Debug|Any CPU.ActiveCfg = Debug|Any CPU
		{BFC048B8-2CCF-4D35-88F2-EBDF25EC4BCD}.Debug|Any CPU.Build.0 = Debug|Any CPU
		{BFC048B8-2CCF-4D35-88F2-EBDF25EC4BCD}.Release|Any CPU.ActiveCfg = Release|Any CPU
		{BFC048B8-2CCF-4D35-88F2-EBDF25EC4BCD}.Release|Any CPU.Build.0 = Release|Any CPU
		{1889B2E3-117C-4252-B43A-2F765C556895}.Debug|Any CPU.ActiveCfg = Debug|Any CPU
		{1889B2E3-117C-4252-B43A-2F765C556895}.Debug|Any CPU.Build.0 = Debug|Any CPU
		{1889B2E3-117C-4252-B43A-2F765C556895}.Release|Any CPU.ActiveCfg = Release|Any CPU
		{1889B2E3-117C-4252-B43A-2F765C556895}.Release|Any CPU.Build.0 = Release|Any CPU
	EndGlobalSection
	GlobalSection(SolutionProperties) = preSolution
		HideSolutionNode = FALSE
	EndGlobalSection
	GlobalSection(NestedProjects) = preSolution
		{F649CE04-B05A-40F5-8E25-AFDB404846BA} = {24924F6E-5FBF-4D63-BE8B-308C96F162CA}
		{BFC048B8-2CCF-4D35-88F2-EBDF25EC4BCD} = {A26C7DC5-E3FF-4BD3-97AA-43D6AD0BA1F6}
		{1889B2E3-117C-4252-B43A-2F765C556895} = {75DB85F8-217E-47D8-953E-45D2F6AAB806}
	EndGlobalSection
	GlobalSection(ExtensibilityGlobals) = postSolution
		SolutionGuid = {DFD4ED84-0839-47BC-9922-7EC9E67D7803}
	EndGlobalSection
EndGlobal
